
Microsoft Visual Studio Solution File, Format Version 12.00
# Visual Studio 15
VisualStudioVersion = 15.0.27428.2005
MinimumVisualStudioVersion = 10.0.40219.1
Project("{FAE04EC0-301F-11D3-BF4B-00C04F79EFBC}") = "ToDoList.Domain", "ToDoList.Domain\ToDoList.Domain.csproj", "{15208793-EFD6-4E0E-9D2E-1EC6844E648A}"
EndProject
Project("{FAE04EC0-301F-11D3-BF4B-00C04F79EFBC}") = "LisToDo.Data", "LisToDo.Data\LisToDo.Data.csproj", "{EFE908B9-A8D7-4A76-9B20-A673D9997603}"
EndProject
Project("{FAE04EC0-301F-11D3-BF4B-00C04F79EFBC}") = "LisToDoWeb.Api", "LisToDoWeb.Api\LisToDoWeb.Api.csproj", "{B923E224-5A0B-49D6-92F2-CB537A2AFC1D}"
EndProject
Global
	GlobalSection(SolutionConfigurationPlatforms) = preSolution
		Debug|Any CPU = Debug|Any CPU
		Release|Any CPU = Release|Any CPU
	EndGlobalSection
	GlobalSection(ProjectConfigurationPlatforms) = postSolution
		{15208793-EFD6-4E0E-9D2E-1EC6844E648A}.Debug|Any CPU.ActiveCfg = Debug|Any CPU
		{15208793-EFD6-4E0E-9D2E-1EC6844E648A}.Debug|Any CPU.Build.0 = Debug|Any CPU
		{15208793-EFD6-4E0E-9D2E-1EC6844E648A}.Release|Any CPU.ActiveCfg = Release|Any CPU
		{15208793-EFD6-4E0E-9D2E-1EC6844E648A}.Release|Any CPU.Build.0 = Release|Any CPU
		{EFE908B9-A8D7-4A76-9B20-A673D9997603}.Debug|Any CPU.ActiveCfg = Debug|Any CPU
		{EFE908B9-A8D7-4A76-9B20-A673D9997603}.Debug|Any CPU.Build.0 = Debug|Any CPU
		{EFE908B9-A8D7-4A76-9B20-A673D9997603}.Release|Any CPU.ActiveCfg = Release|Any CPU
		{EFE908B9-A8D7-4A76-9B20-A673D9997603}.Release|Any CPU.Build.0 = Release|Any CPU
		{B923E224-5A0B-49D6-92F2-CB537A2AFC1D}.Debug|Any CPU.ActiveCfg = Debug|Any CPU
		{B923E224-5A0B-49D6-92F2-CB537A2AFC1D}.Debug|Any CPU.Build.0 = Debug|Any CPU
		{B923E224-5A0B-49D6-92F2-CB537A2AFC1D}.Release|Any CPU.ActiveCfg = Release|Any CPU
		{B923E224-5A0B-49D6-92F2-CB537A2AFC1D}.Release|Any CPU.Build.0 = Release|Any CPU
	EndGlobalSection
	GlobalSection(SolutionProperties) = preSolution
		HideSolutionNode = FALSE
	EndGlobalSection
	GlobalSection(ExtensibilityGlobals) = postSolution
		SolutionGuid = {70D5A005-9884-45D6-849A-3FDED1CFAB8E}
	EndGlobalSection
EndGlobal
